
Microsoft Visual Studio Solution File, Format Version 11.00
# Visual Studio 2010
Project("{FAE04EC0-301F-11D3-BF4B-00C04F79EFBC}") = "Assembly-CSharp", "Assembly-CSharp.csproj", "{b79fd2b4-8643-bb2e-ea3f-652b172eec7c}"
EndProject
Project("{FAE04EC0-301F-11D3-BF4B-00C04F79EFBC}") = "Assembly-CSharp-Editor", "Assembly-CSharp-Editor.csproj", "{6ba2c436-daf8-5fcc-b084-c26ce25d1d1c}"
EndProject
Global
	GlobalSection(SolutionConfigurationPlatforms) = preSolution
		Debug|Any CPU = Debug|Any CPU
	EndGlobalSection
	GlobalSection(ProjectConfigurationPlatforms) = postSolution
		{b79fd2b4-8643-bb2e-ea3f-652b172eec7c}.Debug|Any CPU.ActiveCfg = Debug|Any CPU
		{b79fd2b4-8643-bb2e-ea3f-652b172eec7c}.Debug|Any CPU.Build.0 = Debug|Any CPU
		{6ba2c436-daf8-5fcc-b084-c26ce25d1d1c}.Debug|Any CPU.ActiveCfg = Debug|Any CPU
		{6ba2c436-daf8-5fcc-b084-c26ce25d1d1c}.Debug|Any CPU.Build.0 = Debug|Any CPU
	EndGlobalSection
	GlobalSection(SolutionProperties) = preSolution
		HideSolutionNode = FALSE
	EndGlobalSection
EndGlobal
